// !$*UTF8*$!
{
	archiveVersion = 1;
	classes = {
	};
	objectVersion = 56;
	objects = {

/* Begin PBXBuildFile section */
		98300D87298637E7001533E8 /* ContentView.swift in Sources */ = {isa = PBXBuildFile; fileRef = 98300D86298637E7001533E8 /* ContentView.swift */; };
		989629C22984025100AACAA2 /* iOSExploringChartsApp.swift in Sources */ = {isa = PBXBuildFile; fileRef = 989629C12984025100AACAA2 /* iOSExploringChartsApp.swift */; };
		989629C62984025200AACAA2 /* Assets.xcassets in Resources */ = {isa = PBXBuildFile; fileRef = 989629C52984025200AACAA2 /* Assets.xcassets */; };
		989629CA2984025200AACAA2 /* Preview Assets.xcassets in Resources */ = {isa = PBXBuildFile; fileRef = 989629C92984025200AACAA2 /* Preview Assets.xcassets */; };
		989629D52984029D00AACAA2 /* ColorExtension.swift in Sources */ = {isa = PBXBuildFile; fileRef = 989629D42984029D00AACAA2 /* ColorExtension.swift */; };
		989629D92984035500AACAA2 /* ColorfulButtonView.swift in Sources */ = {isa = PBXBuildFile; fileRef = 989629D82984035500AACAA2 /* ColorfulButtonView.swift */; };
		989629DB2984037300AACAA2 /* RandomArcFromColorListView.swift in Sources */ = {isa = PBXBuildFile; fileRef = 989629DA2984037300AACAA2 /* RandomArcFromColorListView.swift */; };
		989629DD2984038500AACAA2 /* ArcView.swift in Sources */ = {isa = PBXBuildFile; fileRef = 989629DC2984038500AACAA2 /* ArcView.swift */; };
		989629DF298403A200AACAA2 /* TestColorButtonView.swift in Sources */ = {isa = PBXBuildFile; fileRef = 989629DE298403A200AACAA2 /* TestColorButtonView.swift */; };
/* End PBXBuildFile section */

/* Begin PBXFileReference section */
		98300D86298637E7001533E8 /* ContentView.swift */ = {isa = PBXFileReference; lastKnownFileType = sourcecode.swift; path = ContentView.swift; sourceTree = "<group>"; };
		989629BE2984025100AACAA2 /* iOSExploringCharts.app */ = {isa = PBXFileReference; explicitFileType = wrapper.application; includeInIndex = 0; path = iOSExploringCharts.app; sourceTree = BUILT_PRODUCTS_DIR; };
		989629C12984025100AACAA2 /* iOSExploringChartsApp.swift */ = {isa = PBXFileReference; lastKnownFileType = sourcecode.swift; path = iOSExploringChartsApp.swift; sourceTree = "<group>"; };
		989629C52984025200AACAA2 /* Assets.xcassets */ = {isa = PBXFileReference; lastKnownFileType = folder.assetcatalog; path = Assets.xcassets; sourceTree = "<group>"; };
		989629C72984025200AACAA2 /* iOSExploringCharts.entitlements */ = {isa = PBXFileReference; lastKnownFileType = text.plist.entitlements; path = iOSExploringCharts.entitlements; sourceTree = "<group>"; };
		989629C92984025200AACAA2 /* Preview Assets.xcassets */ = {isa = PBXFileReference; lastKnownFileType = folder.assetcatalog; path = "Preview Assets.xcassets"; sourceTree = "<group>"; };
		989629D42984029D00AACAA2 /* ColorExtension.swift */ = {isa = PBXFileReference; lastKnownFileType = sourcecode.swift; path = ColorExtension.swift; sourceTree = "<group>"; };
		989629D82984035500AACAA2 /* ColorfulButtonView.swift */ = {isa = PBXFileReference; lastKnownFileType = sourcecode.swift; path = ColorfulButtonView.swift; sourceTree = "<group>"; };
		989629DA2984037300AACAA2 /* RandomArcFromColorListView.swift */ = {isa = PBXFileReference; lastKnownFileType = sourcecode.swift; path = RandomArcFromColorListView.swift; sourceTree = "<group>"; };
		989629DC2984038500AACAA2 /* ArcView.swift */ = {isa = PBXFileReference; lastKnownFileType = sourcecode.swift; path = ArcView.swift; sourceTree = "<group>"; };
		989629DE298403A200AACAA2 /* TestColorButtonView.swift */ = {isa = PBXFileReference; lastKnownFileType = sourcecode.swift; path = TestColorButtonView.swift; sourceTree = "<group>"; };
/* End PBXFileReference section */

/* Begin PBXFrameworksBuildPhase section */
		989629BB2984025100AACAA2 /* Frameworks */ = {
			isa = PBXFrameworksBuildPhase;
			buildActionMask = 2147483647;
			files = (
			);
			runOnlyForDeploymentPostprocessing = 0;
		};
/* End PBXFrameworksBuildPhase section */

/* Begin PBXGroup section */
		989629B52984025100AACAA2 = {
			isa = PBXGroup;
			children = (
				989629C02984025100AACAA2 /* iOSExploringCharts */,
				989629BF2984025100AACAA2 /* Products */,
			);
			sourceTree = "<group>";
		};
		989629BF2984025100AACAA2 /* Products */ = {
			isa = PBXGroup;
			children = (
				989629BE2984025100AACAA2 /* iOSExploringCharts.app */,
			);
			name = Products;
			sourceTree = "<group>";
		};
		989629C02984025100AACAA2 /* iOSExploringCharts */ = {
			isa = PBXGroup;
			children = (
				989629D32984027E00AACAA2 /* Extensions */,
				989629D22984027500AACAA2 /* Model */,
				989629D12984026B00AACAA2 /* ViewModel */,
				989629D02984026300AACAA2 /* View */,
				989629C12984025100AACAA2 /* iOSExploringChartsApp.swift */,
				98300D86298637E7001533E8 /* ContentView.swift */,
				989629C52984025200AACAA2 /* Assets.xcassets */,
				989629C72984025200AACAA2 /* iOSExploringCharts.entitlements */,
				989629C82984025200AACAA2 /* Preview Content */,
			);
			path = iOSExploringCharts;
			sourceTree = "<group>";
		};
		989629C82984025200AACAA2 /* Preview Content */ = {
			isa = PBXGroup;
			children = (
				989629C92984025200AACAA2 /* Preview Assets.xcassets */,
			);
			path = "Preview Content";
			sourceTree = "<group>";
		};
		989629D02984026300AACAA2 /* View */ = {
			isa = PBXGroup;
			children = (
				989629D62984032000AACAA2 /* Components Views */,
			);
			path = View;
			sourceTree = "<group>";
		};
		989629D12984026B00AACAA2 /* ViewModel */ = {
			isa = PBXGroup;
			children = (
			);
			path = ViewModel;
			sourceTree = "<group>";
		};
		989629D22984027500AACAA2 /* Model */ = {
			isa = PBXGroup;
			children = (
			);
			path = Model;
			sourceTree = "<group>";
		};
		989629D32984027E00AACAA2 /* Extensions */ = {
			isa = PBXGroup;
			children = (
				989629D42984029D00AACAA2 /* ColorExtension.swift */,
			);
			path = Extensions;
			sourceTree = "<group>";
		};
		989629D62984032000AACAA2 /* Components Views */ = {
			isa = PBXGroup;
			children = (
				989629D72984033000AACAA2 /* Colorful Button View */,
			);
			path = "Components Views";
			sourceTree = "<group>";
		};
		989629D72984033000AACAA2 /* Colorful Button View */ = {
			isa = PBXGroup;
			children = (
				989629D82984035500AACAA2 /* ColorfulButtonView.swift */,
				989629DA2984037300AACAA2 /* RandomArcFromColorListView.swift */,
				989629DC2984038500AACAA2 /* ArcView.swift */,
				989629DE298403A200AACAA2 /* TestColorButtonView.swift */,
			);
			path = "Colorful Button View";
			sourceTree = "<group>";
		};
/* End PBXGroup section */

/* Begin PBXNativeTarget section */
		989629BD2984025100AACAA2 /* iOSExploringCharts */ = {
			isa = PBXNativeTarget;
			buildConfigurationList = 989629CD2984025200AACAA2 /* Build configuration list for PBXNativeTarget "iOSExploringCharts" */;
			buildPhases = (
				989629BA2984025100AACAA2 /* Sources */,
				989629BB2984025100AACAA2 /* Frameworks */,
				989629BC2984025100AACAA2 /* Resources */,
			);
			buildRules = (
			);
			dependencies = (
			);
			name = iOSExploringCharts;
			productName = iOSExploringCharts;
			productReference = 989629BE2984025100AACAA2 /* iOSExploringCharts.app */;
			productType = "com.apple.product-type.application";
		};
/* End PBXNativeTarget section */

/* Begin PBXProject section */
		989629B62984025100AACAA2 /* Project object */ = {
			isa = PBXProject;
			attributes = {
				BuildIndependentTargetsInParallel = 1;
				LastSwiftUpdateCheck = 1420;
				LastUpgradeCheck = 1420;
				TargetAttributes = {
					989629BD2984025100AACAA2 = {
						CreatedOnToolsVersion = 14.2;
					};
				};
			};
			buildConfigurationList = 989629B92984025100AACAA2 /* Build configuration list for PBXProject "iOSExploringCharts" */;
			compatibilityVersion = "Xcode 14.0";
			developmentRegion = en;
			hasScannedForEncodings = 0;
			knownRegions = (
				en,
				Base,
			);
			mainGroup = 989629B52984025100AACAA2;
			productRefGroup = 989629BF2984025100AACAA2 /* Products */;
			projectDirPath = "";
			projectRoot = "";
			targets = (
				989629BD2984025100AACAA2 /* iOSExploringCharts */,
			);
		};
/* End PBXProject section */

/* Begin PBXResourcesBuildPhase section */
		989629BC2984025100AACAA2 /* Resources */ = {
			isa = PBXResourcesBuildPhase;
			buildActionMask = 2147483647;
			files = (
				989629CA2984025200AACAA2 /* Preview Assets.xcassets in Resources */,
				989629C62984025200AACAA2 /* Assets.xcassets in Resources */,
			);
			runOnlyForDeploymentPostprocessing = 0;
		};
/* End PBXResourcesBuildPhase section */

/* Begin PBXSourcesBuildPhase section */
		989629BA2984025100AACAA2 /* Sources */ = {
			isa = PBXSourcesBuildPhase;
			buildActionMask = 2147483647;
			files = (
				989629D92984035500AACAA2 /* ColorfulButtonView.swift in Sources */,
				989629DB2984037300AACAA2 /* RandomArcFromColorListView.swift in Sources */,
				98300D87298637E7001533E8 /* ContentView.swift in Sources */,
				989629D52984029D00AACAA2 /* ColorExtension.swift in Sources */,
				989629DD2984038500AACAA2 /* ArcView.swift in Sources */,
				989629DF298403A200AACAA2 /* TestColorButtonView.swift in Sources */,
				989629C22984025100AACAA2 /* iOSExploringChartsApp.swift in Sources */,
			);
			runOnlyForDeploymentPostprocessing = 0;
		};
/* End PBXSourcesBuildPhase section */

/* Begin XCBuildConfiguration section */
		989629CB2984025200AACAA2 /* Debug */ = {
			isa = XCBuildConfiguration;
			buildSettings = {
				ALWAYS_SEARCH_USER_PATHS = NO;
				CLANG_ANALYZER_NONNULL = YES;
				CLANG_ANALYZER_NUMBER_OBJECT_CONVERSION = YES_AGGRESSIVE;
				CLANG_CXX_LANGUAGE_STANDARD = "gnu++20";
				CLANG_ENABLE_MODULES = YES;
				CLANG_ENABLE_OBJC_ARC = YES;
				CLANG_ENABLE_OBJC_WEAK = YES;
				CLANG_WARN_BLOCK_CAPTURE_AUTORELEASING = YES;
				CLANG_WARN_BOOL_CONVERSION = YES;
				CLANG_WARN_COMMA = YES;
				CLANG_WARN_CONSTANT_CONVERSION = YES;
				CLANG_WARN_DEPRECATED_OBJC_IMPLEMENTATIONS = YES;
				CLANG_WARN_DIRECT_OBJC_ISA_USAGE = YES_ERROR;
				CLANG_WARN_DOCUMENTATION_COMMENTS = YES;
				CLANG_WARN_EMPTY_BODY = YES;
				CLANG_WARN_ENUM_CONVERSION = YES;
				CLANG_WARN_INFINITE_RECURSION = YES;
				CLANG_WARN_INT_CONVERSION = YES;
				CLANG_WARN_NON_LITERAL_NULL_CONVERSION = YES;
				CLANG_WARN_OBJC_IMPLICIT_RETAIN_SELF = YES;
				CLANG_WARN_OBJC_LITERAL_CONVERSION = YES;
				CLANG_WARN_OBJC_ROOT_CLASS = YES_ERROR;
				CLANG_WARN_QUOTED_INCLUDE_IN_FRAMEWORK_HEADER = YES;
				CLANG_WARN_RANGE_LOOP_ANALYSIS = YES;
				CLANG_WARN_STRICT_PROTOTYPES = YES;
				CLANG_WARN_SUSPICIOUS_MOVE = YES;
				CLANG_WARN_UNGUARDED_AVAILABILITY = YES_AGGRESSIVE;
				CLANG_WARN_UNREACHABLE_CODE = YES;
				CLANG_WARN__DUPLICATE_METHOD_MATCH = YES;
				COPY_PHASE_STRIP = NO;
				DEBUG_INFORMATION_FORMAT = dwarf;
				ENABLE_STRICT_OBJC_MSGSEND = YES;
				ENABLE_TESTABILITY = YES;
				GCC_C_LANGUAGE_STANDARD = gnu11;
				GCC_DYNAMIC_NO_PIC = NO;
				GCC_NO_COMMON_BLOCKS = YES;
				GCC_OPTIMIZATION_LEVEL = 0;
				GCC_PREPROCESSOR_DEFINITIONS = (
					"DEBUG=1",
					"$(inherited)",
				);
				GCC_WARN_64_TO_32_BIT_CONVERSION = YES;
				GCC_WARN_ABOUT_RETURN_TYPE = YES_ERROR;
				GCC_WARN_UNDECLARED_SELECTOR = YES;
				GCC_WARN_UNINITIALIZED_AUTOS = YES_AGGRESSIVE;
				GCC_WARN_UNUSED_FUNCTION = YES;
				GCC_WARN_UNUSED_VARIABLE = YES;
				MTL_ENABLE_DEBUG_INFO = INCLUDE_SOURCE;
				MTL_FAST_MATH = YES;
				ONLY_ACTIVE_ARCH = YES;
				SWIFT_ACTIVE_COMPILATION_CONDITIONS = DEBUG;
				SWIFT_OPTIMIZATION_LEVEL = "-Onone";
			};
			name = Debug;
		};
		989629CC2984025200AACAA2 /* Release */ = {
			isa = XCBuildConfiguration;
			buildSettings = {
				ALWAYS_SEARCH_USER_PATHS = NO;
				CLANG_ANALYZER_NONNULL = YES;
				CLANG_ANALYZER_NUMBER_OBJECT_CONVERSION = YES_AGGRESSIVE;
				CLANG_CXX_LANGUAGE_STANDARD = "gnu++20";
				CLANG_ENABLE_MODULES = YES;
				CLANG_ENABLE_OBJC_ARC = YES;
				CLANG_ENABLE_OBJC_WEAK = YES;
				CLANG_WARN_BLOCK_CAPTURE_AUTORELEASING = YES;
				CLANG_WARN_BOOL_CONVERSION = YES;
				CLANG_WARN_COMMA = YES;
				CLANG_WARN_CONSTANT_CONVERSION = YES;
				CLANG_WARN_DEPRECATED_OBJC_IMPLEMENTATIONS = YES;
				CLANG_WARN_DIRECT_OBJC_ISA_USAGE = YES_ERROR;
				CLANG_WARN_DOCUMENTATION_COMMENTS = YES;
				CLANG_WARN_EMPTY_BODY = YES;
				CLANG_WARN_ENUM_CONVERSION = YES;
				CLANG_WARN_INFINITE_RECURSION = YES;
				CLANG_WARN_INT_CONVERSION = YES;
				CLANG_WARN_NON_LITERAL_NULL_CONVERSION = YES;
				CLANG_WARN_OBJC_IMPLICIT_RETAIN_SELF = YES;
				CLANG_WARN_OBJC_LITERAL_CONVERSION = YES;
				CLANG_WARN_OBJC_ROOT_CLASS = YES_ERROR;
				CLANG_WARN_QUOTED_INCLUDE_IN_FRAMEWORK_HEADER = YES;
				CLANG_WARN_RANGE_LOOP_ANALYSIS = YES;
				CLANG_WARN_STRICT_PROTOTYPES = YES;
				CLANG_WARN_SUSPICIOUS_MOVE = YES;
				CLANG_WARN_UNGUARDED_AVAILABILITY = YES_AGGRESSIVE;
				CLANG_WARN_UNREACHABLE_CODE = YES;
				CLANG_WARN__DUPLICATE_METHOD_MATCH = YES;
				COPY_PHASE_STRIP = NO;
				DEBUG_INFORMATION_FORMAT = "dwarf-with-dsym";
				ENABLE_NS_ASSERTIONS = NO;
				ENABLE_STRICT_OBJC_MSGSEND = YES;
				GCC_C_LANGUAGE_STANDARD = gnu11;
				GCC_NO_COMMON_BLOCKS = YES;
				GCC_WARN_64_TO_32_BIT_CONVERSION = YES;
				GCC_WARN_ABOUT_RETURN_TYPE = YES_ERROR;
				GCC_WARN_UNDECLARED_SELECTOR = YES;
				GCC_WARN_UNINITIALIZED_AUTOS = YES_AGGRESSIVE;
				GCC_WARN_UNUSED_FUNCTION = YES;
				GCC_WARN_UNUSED_VARIABLE = YES;
				MTL_ENABLE_DEBUG_INFO = NO;
				MTL_FAST_MATH = YES;
				SWIFT_COMPILATION_MODE = wholemodule;
				SWIFT_OPTIMIZATION_LEVEL = "-O";
			};
			name = Release;
		};
		989629CE2984025200AACAA2 /* Debug */ = {
			isa = XCBuildConfiguration;
			buildSettings = {
				ASSETCATALOG_COMPILER_APPICON_NAME = AppIcon;
				ASSETCATALOG_COMPILER_GLOBAL_ACCENT_COLOR_NAME = AccentColor;
				CODE_SIGN_ENTITLEMENTS = iOSExploringCharts/iOSExploringCharts.entitlements;
				CODE_SIGN_STYLE = Automatic;
				CURRENT_PROJECT_VERSION = 1;
				DEVELOPMENT_ASSET_PATHS = "\"iOSExploringCharts/Preview Content\"";
				DEVELOPMENT_TEAM = 3J2U74HCAH;
				ENABLE_HARDENED_RUNTIME = YES;
				ENABLE_PREVIEWS = YES;
				GENERATE_INFOPLIST_FILE = YES;
				"INFOPLIST_KEY_UIApplicationSceneManifest_Generation[sdk=iphoneos*]" = YES;
				"INFOPLIST_KEY_UIApplicationSceneManifest_Generation[sdk=iphonesimulator*]" = YES;
				"INFOPLIST_KEY_UIApplicationSupportsIndirectInputEvents[sdk=iphoneos*]" = YES;
				"INFOPLIST_KEY_UIApplicationSupportsIndirectInputEvents[sdk=iphonesimulator*]" = YES;
				"INFOPLIST_KEY_UILaunchScreen_Generation[sdk=iphoneos*]" = YES;
				"INFOPLIST_KEY_UILaunchScreen_Generation[sdk=iphonesimulator*]" = YES;
				"INFOPLIST_KEY_UIStatusBarStyle[sdk=iphoneos*]" = UIStatusBarStyleDefault;
				"INFOPLIST_KEY_UIStatusBarStyle[sdk=iphonesimulator*]" = UIStatusBarStyleDefault;
				INFOPLIST_KEY_UISupportedInterfaceOrientations_iPad = "UIInterfaceOrientationPortrait UIInterfaceOrientationPortraitUpsideDown UIInterfaceOrientationLandscapeLeft UIInterfaceOrientationLandscapeRight";
				INFOPLIST_KEY_UISupportedInterfaceOrientations_iPhone = "UIInterfaceOrientationPortrait UIInterfaceOrientationLandscapeLeft UIInterfaceOrientationLandscapeRight";
				IPHONEOS_DEPLOYMENT_TARGET = 16.2;
				LD_RUNPATH_SEARCH_PATHS = "@executable_path/Frameworks";
				"LD_RUNPATH_SEARCH_PATHS[sdk=macosx*]" = "@executable_path/../Frameworks";
				MACOSX_DEPLOYMENT_TARGET = 13.1;
				MARKETING_VERSION = 1.0;
				PRODUCT_BUNDLE_IDENTIFIER = novuspax.iOSExploringCharts;
				PRODUCT_NAME = "$(TARGET_NAME)";
				SDKROOT = auto;
				SUPPORTED_PLATFORMS = "iphoneos iphonesimulator macosx";
				SWIFT_EMIT_LOC_STRINGS = YES;
				SWIFT_VERSION = 5.0;
				TARGETED_DEVICE_FAMILY = "1,2";
			};
			name = Debug;
		};
		989629CF2984025200AACAA2 /* Release */ = {
			isa = XCBuildConfiguration;
			buildSettings = {
				ASSETCATALOG_COMPILER_APPICON_NAME = AppIcon;
				ASSETCATALOG_COMPILER_GLOBAL_ACCENT_COLOR_NAME = AccentColor;
				CODE_SIGN_ENTITLEMENTS = iOSExploringCharts/iOSExploringCharts.entitlements;
				CODE_SIGN_STYLE = Automatic;
				CURRENT_PROJECT_VERSION = 1;
				DEVELOPMENT_ASSET_PATHS = "\"iOSExploringCharts/Preview Content\"";
				DEVELOPMENT_TEAM = 3J2U74HCAH;
				ENABLE_HARDENED_RUNTIME = YES;
				ENABLE_PREVIEWS = YES;
				GENERATE_INFOPLIST_FILE = YES;
				"INFOPLIST_KEY_UIApplicationSceneManifest_Generation[sdk=iphoneos*]" = YES;
				"INFOPLIST_KEY_UIApplicationSceneManifest_Generation[sdk=iphonesimulator*]" = YES;
				"INFOPLIST_KEY_UIApplicationSupportsIndirectInputEvents[sdk=iphoneos*]" = YES;
				"INFOPLIST_KEY_UIApplicationSupportsIndirectInputEvents[sdk=iphonesimulator*]" = YES;
				"INFOPLIST_KEY_UILaunchScreen_Generation[sdk=iphoneos*]" = YES;
				"INFOPLIST_KEY_UILaunchScreen_Generation[sdk=iphonesimulator*]" = YES;
				"INFOPLIST_KEY_UIStatusBarStyle[sdk=iphoneos*]" = UIStatusBarStyleDefault;
				"INFOPLIST_KEY_UIStatusBarStyle[sdk=iphonesimulator*]" = UIStatusBarStyleDefault;
				INFOPLIST_KEY_UISupportedInterfaceOrientations_iPad = "UIInterfaceOrientationPortrait UIInterfaceOrientationPortraitUpsideDown UIInterfaceOrientationLandscapeLeft UIInterfaceOrientationLandscapeRight";
				INFOPLIST_KEY_UISupportedInterfaceOrientations_iPhone = "UIInterfaceOrientationPortrait UIInterfaceOrientationLandscapeLeft UIInterfaceOrientationLandscapeRight";
				IPHONEOS_DEPLOYMENT_TARGET = 16.2;
				LD_RUNPATH_SEARCH_PATHS = "@executable_path/Frameworks";
				"LD_RUNPATH_SEARCH_PATHS[sdk=macosx*]" = "@executable_path/../Frameworks";
				MACOSX_DEPLOYMENT_TARGET = 13.1;
				MARKETING_VERSION = 1.0;
				PRODUCT_BUNDLE_IDENTIFIER = novuspax.iOSExploringCharts;
				PRODUCT_NAME = "$(TARGET_NAME)";
				SDKROOT = auto;
				SUPPORTED_PLATFORMS = "iphoneos iphonesimulator macosx";
				SWIFT_EMIT_LOC_STRINGS = YES;
				SWIFT_VERSION = 5.0;
				TARGETED_DEVICE_FAMILY = "1,2";
			};
			name = Release;
		};
/* End XCBuildConfiguration section */

/* Begin XCConfigurationList section */
		989629B92984025100AACAA2 /* Build configuration list for PBXProject "iOSExploringCharts" */ = {
			isa = XCConfigurationList;
			buildConfigurations = (
				989629CB2984025200AACAA2 /* Debug */,
				989629CC2984025200AACAA2 /* Release */,
			);
			defaultConfigurationIsVisible = 0;
			defaultConfigurationName = Release;
		};
		989629CD2984025200AACAA2 /* Build configuration list for PBXNativeTarget "iOSExploringCharts" */ = {
			isa = XCConfigurationList;
			buildConfigurations = (
				989629CE2984025200AACAA2 /* Debug */,
				989629CF2984025200AACAA2 /* Release */,
			);
			defaultConfigurationIsVisible = 0;
			defaultConfigurationName = Release;
		};
/* End XCConfigurationList section */
	};
	rootObject = 989629B62984025100AACAA2 /* Project object */;
}
